<Solution>
  <Folder Name="/.github/" />
  <Folder Name="/.github/workflows/">
    <File Path="ci.yml" />
  </Folder>
  <Folder Name="/Элементы решения/">
    <File Path="docker-compose.yml" />
    <File Path="nginx.conf" />
    <File Path="prometheus.yml" />
  </Folder>
  <Project Path="ProductionSystem/ProductionSystem.csproj" />
</Solution>
